// !$*UTF8*$!
{
	archiveVersion = 1;
	classes = {
	};
	objectVersion = 56;
	objects = {

/* Begin PBXBuildFile section */
		D2F0A6BB2BA767EC00DD7B0B /* AppDelegate.swift in Sources */ = {isa = PBXBuildFile; fileRef = D2F0A6BA2BA767EC00DD7B0B /* AppDelegate.swift */; };
		D2F0A6BD2BA767EC00DD7B0B /* SceneDelegate.swift in Sources */ = {isa = PBXBuildFile; fileRef = D2F0A6BC2BA767EC00DD7B0B /* SceneDelegate.swift */; };
		D2F0A6BF2BA767ED00DD7B0B /* ViewController.swift in Sources */ = {isa = PBXBuildFile; fileRef = D2F0A6BE2BA767ED00DD7B0B /* ViewController.swift */; };
		D2F0A6C22BA767ED00DD7B0B /* Main.storyboard in Resources */ = {isa = PBXBuildFile; fileRef = D2F0A6C02BA767ED00DD7B0B /* Main.storyboard */; };
		D2F0A6C42BA767ED00DD7B0B /* Assets.xcassets in Resources */ = {isa = PBXBuildFile; fileRef = D2F0A6C32BA767ED00DD7B0B /* Assets.xcassets */; };
		D2F0A6C72BA767ED00DD7B0B /* LaunchScreen.storyboard in Resources */ = {isa = PBXBuildFile; fileRef = D2F0A6C52BA767ED00DD7B0B /* LaunchScreen.storyboard */; };
		D2F0A6D22BA767ED00DD7B0B /* Assignment_Lab7_GPSTests.swift in Sources */ = {isa = PBXBuildFile; fileRef = D2F0A6D12BA767ED00DD7B0B /* Assignment_Lab7_GPSTests.swift */; };
		D2F0A6DC2BA767ED00DD7B0B /* Assignment_Lab7_GPSUITests.swift in Sources */ = {isa = PBXBuildFile; fileRef = D2F0A6DB2BA767ED00DD7B0B /* Assignment_Lab7_GPSUITests.swift */; };
		D2F0A6DE2BA767ED00DD7B0B /* Assignment_Lab7_GPSUITestsLaunchTests.swift in Sources */ = {isa = PBXBuildFile; fileRef = D2F0A6DD2BA767ED00DD7B0B /* Assignment_Lab7_GPSUITestsLaunchTests.swift */; };
/* End PBXBuildFile section */

/* Begin PBXContainerItemProxy section */
		D2F0A6CE2BA767ED00DD7B0B /* PBXContainerItemProxy */ = {
			isa = PBXContainerItemProxy;
			containerPortal = D2F0A6AF2BA767EC00DD7B0B /* Project object */;
			proxyType = 1;
			remoteGlobalIDString = D2F0A6B62BA767EC00DD7B0B;
			remoteInfo = Assignment_Lab7_GPS;
		};
		D2F0A6D82BA767ED00DD7B0B /* PBXContainerItemProxy */ = {
			isa = PBXContainerItemProxy;
			containerPortal = D2F0A6AF2BA767EC00DD7B0B /* Project object */;
			proxyType = 1;
			remoteGlobalIDString = D2F0A6B62BA767EC00DD7B0B;
			remoteInfo = Assignment_Lab7_GPS;
		};
/* End PBXContainerItemProxy section */

/* Begin PBXFileReference section */
		D2F0A6B72BA767EC00DD7B0B /* Assignment_Lab7_GPS.app */ = {isa = PBXFileReference; explicitFileType = wrapper.application; includeInIndex = 0; path = Assignment_Lab7_GPS.app; sourceTree = BUILT_PRODUCTS_DIR; };
		D2F0A6BA2BA767EC00DD7B0B /* AppDelegate.swift */ = {isa = PBXFileReference; lastKnownFileType = sourcecode.swift; path = AppDelegate.swift; sourceTree = "<group>"; };
		D2F0A6BC2BA767EC00DD7B0B /* SceneDelegate.swift */ = {isa = PBXFileReference; lastKnownFileType = sourcecode.swift; path = SceneDelegate.swift; sourceTree = "<group>"; };
		D2F0A6BE2BA767ED00DD7B0B /* ViewController.swift */ = {isa = PBXFileReference; lastKnownFileType = sourcecode.swift; path = ViewController.swift; sourceTree = "<group>"; };
		D2F0A6C12BA767ED00DD7B0B /* Base */ = {isa = PBXFileReference; lastKnownFileType = file.storyboard; name = Base; path = Base.lproj/Main.storyboard; sourceTree = "<group>"; };
		D2F0A6C32BA767ED00DD7B0B /* Assets.xcassets */ = {isa = PBXFileReference; lastKnownFileType = folder.assetcatalog; path = Assets.xcassets; sourceTree = "<group>"; };
		D2F0A6C62BA767ED00DD7B0B /* Base */ = {isa = PBXFileReference; lastKnownFileType = file.storyboard; name = Base; path = Base.lproj/LaunchScreen.storyboard; sourceTree = "<group>"; };
		D2F0A6C82BA767ED00DD7B0B /* Info.plist */ = {isa = PBXFileReference; lastKnownFileType = text.plist.xml; path = Info.plist; sourceTree = "<group>"; };
		D2F0A6CD2BA767ED00DD7B0B /* Assignment_Lab7_GPSTests.xctest */ = {isa = PBXFileReference; explicitFileType = wrapper.cfbundle; includeInIndex = 0; path = Assignment_Lab7_GPSTests.xctest; sourceTree = BUILT_PRODUCTS_DIR; };
		D2F0A6D12BA767ED00DD7B0B /* Assignment_Lab7_GPSTests.swift */ = {isa = PBXFileReference; lastKnownFileType = sourcecode.swift; path = Assignment_Lab7_GPSTests.swift; sourceTree = "<group>"; };
		D2F0A6D72BA767ED00DD7B0B /* Assignment_Lab7_GPSUITests.xctest */ = {isa = PBXFileReference; explicitFileType = wrapper.cfbundle; includeInIndex = 0; path = Assignment_Lab7_GPSUITests.xctest; sourceTree = BUILT_PRODUCTS_DIR; };
		D2F0A6DB2BA767ED00DD7B0B /* Assignment_Lab7_GPSUITests.swift */ = {isa = PBXFileReference; lastKnownFileType = sourcecode.swift; path = Assignment_Lab7_GPSUITests.swift; sourceTree = "<group>"; };
		D2F0A6DD2BA767ED00DD7B0B /* Assignment_Lab7_GPSUITestsLaunchTests.swift */ = {isa = PBXFileReference; lastKnownFileType = sourcecode.swift; path = Assignment_Lab7_GPSUITestsLaunchTests.swift; sourceTree = "<group>"; };
/* End PBXFileReference section */

/* Begin PBXFrameworksBuildPhase section */
		D2F0A6B42BA767EC00DD7B0B /* Frameworks */ = {
			isa = PBXFrameworksBuildPhase;
			buildActionMask = 2147483647;
			files = (
			);
			runOnlyForDeploymentPostprocessing = 0;
		};
		D2F0A6CA2BA767ED00DD7B0B /* Frameworks */ = {
			isa = PBXFrameworksBuildPhase;
			buildActionMask = 2147483647;
			files = (
			);
			runOnlyForDeploymentPostprocessing = 0;
		};
		D2F0A6D42BA767ED00DD7B0B /* Frameworks */ = {
			isa = PBXFrameworksBuildPhase;
			buildActionMask = 2147483647;
			files = (
			);
			runOnlyForDeploymentPostprocessing = 0;
		};
/* End PBXFrameworksBuildPhase section */

/* Begin PBXGroup section */
		D2F0A6AE2BA767EC00DD7B0B = {
			isa = PBXGroup;
			children = (
				D2F0A6B92BA767EC00DD7B0B /* Assignment_Lab7_GPS */,
				D2F0A6D02BA767ED00DD7B0B /* Assignment_Lab7_GPSTests */,
				D2F0A6DA2BA767ED00DD7B0B /* Assignment_Lab7_GPSUITests */,
				D2F0A6B82BA767EC00DD7B0B /* Products */,
			);
			sourceTree = "<group>";
		};
		D2F0A6B82BA767EC00DD7B0B /* Products */ = {
			isa = PBXGroup;
			children = (
				D2F0A6B72BA767EC00DD7B0B /* Assignment_Lab7_GPS.app */,
				D2F0A6CD2BA767ED00DD7B0B /* Assignment_Lab7_GPSTests.xctest */,
				D2F0A6D72BA767ED00DD7B0B /* Assignment_Lab7_GPSUITests.xctest */,
			);
			name = Products;
			sourceTree = "<group>";
		};
		D2F0A6B92BA767EC00DD7B0B /* Assignment_Lab7_GPS */ = {
			isa = PBXGroup;
			children = (
				D2F0A6BA2BA767EC00DD7B0B /* AppDelegate.swift */,
				D2F0A6BC2BA767EC00DD7B0B /* SceneDelegate.swift */,
				D2F0A6BE2BA767ED00DD7B0B /* ViewController.swift */,
				D2F0A6C02BA767ED00DD7B0B /* Main.storyboard */,
				D2F0A6C32BA767ED00DD7B0B /* Assets.xcassets */,
				D2F0A6C52BA767ED00DD7B0B /* LaunchScreen.storyboard */,
				D2F0A6C82BA767ED00DD7B0B /* Info.plist */,
			);
			path = Assignment_Lab7_GPS;
			sourceTree = "<group>";
		};
		D2F0A6D02BA767ED00DD7B0B /* Assignment_Lab7_GPSTests */ = {
			isa = PBXGroup;
			children = (
				D2F0A6D12BA767ED00DD7B0B /* Assignment_Lab7_GPSTests.swift */,
			);
			path = Assignment_Lab7_GPSTests;
			sourceTree = "<group>";
		};
		D2F0A6DA2BA767ED00DD7B0B /* Assignment_Lab7_GPSUITests */ = {
			isa = PBXGroup;
			children = (
				D2F0A6DB2BA767ED00DD7B0B /* Assignment_Lab7_GPSUITests.swift */,
				D2F0A6DD2BA767ED00DD7B0B /* Assignment_Lab7_GPSUITestsLaunchTests.swift */,
			);
			path = Assignment_Lab7_GPSUITests;
			sourceTree = "<group>";
		};
/* End PBXGroup section */

/* Begin PBXNativeTarget section */
		D2F0A6B62BA767EC00DD7B0B /* Assignment_Lab7_GPS */ = {
			isa = PBXNativeTarget;
			buildConfigurationList = D2F0A6E12BA767ED00DD7B0B /* Build configuration list for PBXNativeTarget "Assignment_Lab7_GPS" */;
			buildPhases = (
				D2F0A6B32BA767EC00DD7B0B /* Sources */,
				D2F0A6B42BA767EC00DD7B0B /* Frameworks */,
				D2F0A6B52BA767EC00DD7B0B /* Resources */,
			);
			buildRules = (
			);
			dependencies = (
			);
			name = Assignment_Lab7_GPS;
			productName = Assignment_Lab7_GPS;
			productReference = D2F0A6B72BA767EC00DD7B0B /* Assignment_Lab7_GPS.app */;
			productType = "com.apple.product-type.application";
		};
		D2F0A6CC2BA767ED00DD7B0B /* Assignment_Lab7_GPSTests */ = {
			isa = PBXNativeTarget;
			buildConfigurationList = D2F0A6E42BA767ED00DD7B0B /* Build configuration list for PBXNativeTarget "Assignment_Lab7_GPSTests" */;
			buildPhases = (
				D2F0A6C92BA767ED00DD7B0B /* Sources */,
				D2F0A6CA2BA767ED00DD7B0B /* Frameworks */,
				D2F0A6CB2BA767ED00DD7B0B /* Resources */,
			);
			buildRules = (
			);
			dependencies = (
				D2F0A6CF2BA767ED00DD7B0B /* PBXTargetDependency */,
			);
			name = Assignment_Lab7_GPSTests;
			productName = Assignment_Lab7_GPSTests;
			productReference = D2F0A6CD2BA767ED00DD7B0B /* Assignment_Lab7_GPSTests.xctest */;
			productType = "com.apple.product-type.bundle.unit-test";
		};
		D2F0A6D62BA767ED00DD7B0B /* Assignment_Lab7_GPSUITests */ = {
			isa = PBXNativeTarget;
			buildConfigurationList = D2F0A6E72BA767ED00DD7B0B /* Build configuration list for PBXNativeTarget "Assignment_Lab7_GPSUITests" */;
			buildPhases = (
				D2F0A6D32BA767ED00DD7B0B /* Sources */,
				D2F0A6D42BA767ED00DD7B0B /* Frameworks */,
				D2F0A6D52BA767ED00DD7B0B /* Resources */,
			);
			buildRules = (
			);
			dependencies = (
				D2F0A6D92BA767ED00DD7B0B /* PBXTargetDependency */,
			);
			name = Assignment_Lab7_GPSUITests;
			productName = Assignment_Lab7_GPSUITests;
			productReference = D2F0A6D72BA767ED00DD7B0B /* Assignment_Lab7_GPSUITests.xctest */;
			productType = "com.apple.product-type.bundle.ui-testing";
		};
/* End PBXNativeTarget section */

/* Begin PBXProject section */
		D2F0A6AF2BA767EC00DD7B0B /* Project object */ = {
			isa = PBXProject;
			attributes = {
				BuildIndependentTargetsInParallel = 1;
				LastSwiftUpdateCheck = 1420;
				LastUpgradeCheck = 1420;
				TargetAttributes = {
					D2F0A6B62BA767EC00DD7B0B = {
						CreatedOnToolsVersion = 14.2;
					};
					D2F0A6CC2BA767ED00DD7B0B = {
						CreatedOnToolsVersion = 14.2;
						TestTargetID = D2F0A6B62BA767EC00DD7B0B;
					};
					D2F0A6D62BA767ED00DD7B0B = {
						CreatedOnToolsVersion = 14.2;
						TestTargetID = D2F0A6B62BA767EC00DD7B0B;
					};
				};
			};
			buildConfigurationList = D2F0A6B22BA767EC00DD7B0B /* Build configuration list for PBXProject "Assignment_Lab7_GPS" */;
			compatibilityVersion = "Xcode 14.0";
			developmentRegion = en;
			hasScannedForEncodings = 0;
			knownRegions = (
				en,
				Base,
			);
			mainGroup = D2F0A6AE2BA767EC00DD7B0B;
			productRefGroup = D2F0A6B82BA767EC00DD7B0B /* Products */;
			projectDirPath = "";
			projectRoot = "";
			targets = (
				D2F0A6B62BA767EC00DD7B0B /* Assignment_Lab7_GPS */,
				D2F0A6CC2BA767ED00DD7B0B /* Assignment_Lab7_GPSTests */,
				D2F0A6D62BA767ED00DD7B0B /* Assignment_Lab7_GPSUITests */,
			);
		};
/* End PBXProject section */

/* Begin PBXResourcesBuildPhase section */
		D2F0A6B52BA767EC00DD7B0B /* Resources */ = {
			isa = PBXResourcesBuildPhase;
			buildActionMask = 2147483647;
			files = (
				D2F0A6C72BA767ED00DD7B0B /* LaunchScreen.storyboard in Resources */,
				D2F0A6C42BA767ED00DD7B0B /* Assets.xcassets in Resources */,
				D2F0A6C22BA767ED00DD7B0B /* Main.storyboard in Resources */,
			);
			runOnlyForDeploymentPostprocessing = 0;
		};
		D2F0A6CB2BA767ED00DD7B0B /* Resources */ = {
			isa = PBXResourcesBuildPhase;
			buildActionMask = 2147483647;
			files = (
			);
			runOnlyForDeploymentPostprocessing = 0;
		};
		D2F0A6D52BA767ED00DD7B0B /* Resources */ = {
			isa = PBXResourcesBuildPhase;
			buildActionMask = 2147483647;
			files = (
			);
			runOnlyForDeploymentPostprocessing = 0;
		};
/* End PBXResourcesBuildPhase section */

/* Begin PBXSourcesBuildPhase section */
		D2F0A6B32BA767EC00DD7B0B /* Sources */ = {
			isa = PBXSourcesBuildPhase;
			buildActionMask = 2147483647;
			files = (
				D2F0A6BF2BA767ED00DD7B0B /* ViewController.swift in Sources */,
				D2F0A6BB2BA767EC00DD7B0B /* AppDelegate.swift in Sources */,
				D2F0A6BD2BA767EC00DD7B0B /* SceneDelegate.swift in Sources */,
			);
			runOnlyForDeploymentPostprocessing = 0;
		};
		D2F0A6C92BA767ED00DD7B0B /* Sources */ = {
			isa = PBXSourcesBuildPhase;
			buildActionMask = 2147483647;
			files = (
				D2F0A6D22BA767ED00DD7B0B /* Assignment_Lab7_GPSTests.swift in Sources */,
			);
			runOnlyForDeploymentPostprocessing = 0;
		};
		D2F0A6D32BA767ED00DD7B0B /* Sources */ = {
			isa = PBXSourcesBuildPhase;
			buildActionMask = 2147483647;
			files = (
				D2F0A6DE2BA767ED00DD7B0B /* Assignment_Lab7_GPSUITestsLaunchTests.swift in Sources */,
				D2F0A6DC2BA767ED00DD7B0B /* Assignment_Lab7_GPSUITests.swift in Sources */,
			);
			runOnlyForDeploymentPostprocessing = 0;
		};
/* End PBXSourcesBuildPhase section */

/* Begin PBXTargetDependency section */
		D2F0A6CF2BA767ED00DD7B0B /* PBXTargetDependency */ = {
			isa = PBXTargetDependency;
			target = D2F0A6B62BA767EC00DD7B0B /* Assignment_Lab7_GPS */;
			targetProxy = D2F0A6CE2BA767ED00DD7B0B /* PBXContainerItemProxy */;
		};
		D2F0A6D92BA767ED00DD7B0B /* PBXTargetDependency */ = {
			isa = PBXTargetDependency;
			target = D2F0A6B62BA767EC00DD7B0B /* Assignment_Lab7_GPS */;
			targetProxy = D2F0A6D82BA767ED00DD7B0B /* PBXContainerItemProxy */;
		};
/* End PBXTargetDependency section */

/* Begin PBXVariantGroup section */
		D2F0A6C02BA767ED00DD7B0B /* Main.storyboard */ = {
			isa = PBXVariantGroup;
			children = (
				D2F0A6C12BA767ED00DD7B0B /* Base */,
			);
			name = Main.storyboard;
			sourceTree = "<group>";
		};
		D2F0A6C52BA767ED00DD7B0B /* LaunchScreen.storyboard */ = {
			isa = PBXVariantGroup;
			children = (
				D2F0A6C62BA767ED00DD7B0B /* Base */,
			);
			name = LaunchScreen.storyboard;
			sourceTree = "<group>";
		};
/* End PBXVariantGroup section */

/* Begin XCBuildConfiguration section */
		D2F0A6DF2BA767ED00DD7B0B /* Debug */ = {
			isa = XCBuildConfiguration;
			buildSettings = {
				ALWAYS_SEARCH_USER_PATHS = NO;
				CLANG_ANALYZER_NONNULL = YES;
				CLANG_ANALYZER_NUMBER_OBJECT_CONVERSION = YES_AGGRESSIVE;
				CLANG_CXX_LANGUAGE_STANDARD = "gnu++20";
				CLANG_ENABLE_MODULES = YES;
				CLANG_ENABLE_OBJC_ARC = YES;
				CLANG_ENABLE_OBJC_WEAK = YES;
				CLANG_WARN_BLOCK_CAPTURE_AUTORELEASING = YES;
				CLANG_WARN_BOOL_CONVERSION = YES;
				CLANG_WARN_COMMA = YES;
				CLANG_WARN_CONSTANT_CONVERSION = YES;
				CLANG_WARN_DEPRECATED_OBJC_IMPLEMENTATIONS = YES;
				CLANG_WARN_DIRECT_OBJC_ISA_USAGE = YES_ERROR;
				CLANG_WARN_DOCUMENTATION_COMMENTS = YES;
				CLANG_WARN_EMPTY_BODY = YES;
				CLANG_WARN_ENUM_CONVERSION = YES;
				CLANG_WARN_INFINITE_RECURSION = YES;
				CLANG_WARN_INT_CONVERSION = YES;
				CLANG_WARN_NON_LITERAL_NULL_CONVERSION = YES;
				CLANG_WARN_OBJC_IMPLICIT_RETAIN_SELF = YES;
				CLANG_WARN_OBJC_LITERAL_CONVERSION = YES;
				CLANG_WARN_OBJC_ROOT_CLASS = YES_ERROR;
				CLANG_WARN_QUOTED_INCLUDE_IN_FRAMEWORK_HEADER = YES;
				CLANG_WARN_RANGE_LOOP_ANALYSIS = YES;
				CLANG_WARN_STRICT_PROTOTYPES = YES;
				CLANG_WARN_SUSPICIOUS_MOVE = YES;
				CLANG_WARN_UNGUARDED_AVAILABILITY = YES_AGGRESSIVE;
				CLANG_WARN_UNREACHABLE_CODE = YES;
				CLANG_WARN__DUPLICATE_METHOD_MATCH = YES;
				COPY_PHASE_STRIP = NO;
				DEBUG_INFORMATION_FORMAT = dwarf;
				ENABLE_STRICT_OBJC_MSGSEND = YES;
				ENABLE_TESTABILITY = YES;
				GCC_C_LANGUAGE_STANDARD = gnu11;
				GCC_DYNAMIC_NO_PIC = NO;
				GCC_NO_COMMON_BLOCKS = YES;
				GCC_OPTIMIZATION_LEVEL = 0;
				GCC_PREPROCESSOR_DEFINITIONS = (
					"DEBUG=1",
					"$(inherited)",
				);
				GCC_WARN_64_TO_32_BIT_CONVERSION = YES;
				GCC_WARN_ABOUT_RETURN_TYPE = YES_ERROR;
				GCC_WARN_UNDECLARED_SELECTOR = YES;
				GCC_WARN_UNINITIALIZED_AUTOS = YES_AGGRESSIVE;
				GCC_WARN_UNUSED_FUNCTION = YES;
				GCC_WARN_UNUSED_VARIABLE = YES;
				IPHONEOS_DEPLOYMENT_TARGET = 16.2;
				MTL_ENABLE_DEBUG_INFO = INCLUDE_SOURCE;
				MTL_FAST_MATH = YES;
				ONLY_ACTIVE_ARCH = YES;
				SDKROOT = iphoneos;
				SWIFT_ACTIVE_COMPILATION_CONDITIONS = DEBUG;
				SWIFT_OPTIMIZATION_LEVEL = "-Onone";
			};
			name = Debug;
		};
		D2F0A6E02BA767ED00DD7B0B /* Release */ = {
			isa = XCBuildConfiguration;
			buildSettings = {
				ALWAYS_SEARCH_USER_PATHS = NO;
				CLANG_ANALYZER_NONNULL = YES;
				CLANG_ANALYZER_NUMBER_OBJECT_CONVERSION = YES_AGGRESSIVE;
				CLANG_CXX_LANGUAGE_STANDARD = "gnu++20";
				CLANG_ENABLE_MODULES = YES;
				CLANG_ENABLE_OBJC_ARC = YES;
				CLANG_ENABLE_OBJC_WEAK = YES;
				CLANG_WARN_BLOCK_CAPTURE_AUTORELEASING = YES;
				CLANG_WARN_BOOL_CONVERSION = YES;
				CLANG_WARN_COMMA = YES;
				CLANG_WARN_CONSTANT_CONVERSION = YES;
				CLANG_WARN_DEPRECATED_OBJC_IMPLEMENTATIONS = YES;
				CLANG_WARN_DIRECT_OBJC_ISA_USAGE = YES_ERROR;
				CLANG_WARN_DOCUMENTATION_COMMENTS = YES;
				CLANG_WARN_EMPTY_BODY = YES;
				CLANG_WARN_ENUM_CONVERSION = YES;
				CLANG_WARN_INFINITE_RECURSION = YES;
				CLANG_WARN_INT_CONVERSION = YES;
				CLANG_WARN_NON_LITERAL_NULL_CONVERSION = YES;
				CLANG_WARN_OBJC_IMPLICIT_RETAIN_SELF = YES;
				CLANG_WARN_OBJC_LITERAL_CONVERSION = YES;
				CLANG_WARN_OBJC_ROOT_CLASS = YES_ERROR;
				CLANG_WARN_QUOTED_INCLUDE_IN_FRAMEWORK_HEADER = YES;
				CLANG_WARN_RANGE_LOOP_ANALYSIS = YES;
				CLANG_WARN_STRICT_PROTOTYPES = YES;
				CLANG_WARN_SUSPICIOUS_MOVE = YES;
				CLANG_WARN_UNGUARDED_AVAILABILITY = YES_AGGRESSIVE;
				CLANG_WARN_UNREACHABLE_CODE = YES;
				CLANG_WARN__DUPLICATE_METHOD_MATCH = YES;
				COPY_PHASE_STRIP = NO;
				DEBUG_INFORMATION_FORMAT = "dwarf-with-dsym";
				ENABLE_NS_ASSERTIONS = NO;
				ENABLE_STRICT_OBJC_MSGSEND = YES;
				GCC_C_LANGUAGE_STANDARD = gnu11;
				GCC_NO_COMMON_BLOCKS = YES;
				GCC_WARN_64_TO_32_BIT_CONVERSION = YES;
				GCC_WARN_ABOUT_RETURN_TYPE = YES_ERROR;
				GCC_WARN_UNDECLARED_SELECTOR = YES;
				GCC_WARN_UNINITIALIZED_AUTOS = YES_AGGRESSIVE;
				GCC_WARN_UNUSED_FUNCTION = YES;
				GCC_WARN_UNUSED_VARIABLE = YES;
				IPHONEOS_DEPLOYMENT_TARGET = 16.2;
				MTL_ENABLE_DEBUG_INFO = NO;
				MTL_FAST_MATH = YES;
				SDKROOT = iphoneos;
				SWIFT_COMPILATION_MODE = wholemodule;
				SWIFT_OPTIMIZATION_LEVEL = "-O";
				VALIDATE_PRODUCT = YES;
			};
			name = Release;
		};
		D2F0A6E22BA767ED00DD7B0B /* Debug */ = {
			isa = XCBuildConfiguration;
			buildSettings = {
				ASSETCATALOG_COMPILER_APPICON_NAME = AppIcon;
				ASSETCATALOG_COMPILER_GLOBAL_ACCENT_COLOR_NAME = AccentColor;
				CODE_SIGN_STYLE = Automatic;
				CURRENT_PROJECT_VERSION = 1;
				GENERATE_INFOPLIST_FILE = YES;
				INFOPLIST_FILE = Assignment_Lab7_GPS/Info.plist;
				INFOPLIST_KEY_UIApplicationSupportsIndirectInputEvents = YES;
				INFOPLIST_KEY_UILaunchStoryboardName = LaunchScreen;
				INFOPLIST_KEY_UIMainStoryboardFile = Main;
				INFOPLIST_KEY_UISupportedInterfaceOrientations_iPad = "UIInterfaceOrientationPortrait UIInterfaceOrientationPortraitUpsideDown UIInterfaceOrientationLandscapeLeft UIInterfaceOrientationLandscapeRight";
				INFOPLIST_KEY_UISupportedInterfaceOrientations_iPhone = "UIInterfaceOrientationPortrait UIInterfaceOrientationLandscapeLeft UIInterfaceOrientationLandscapeRight";
				LD_RUNPATH_SEARCH_PATHS = (
					"$(inherited)",
					"@executable_path/Frameworks",
				);
				MARKETING_VERSION = 1.0;
				PRODUCT_BUNDLE_IDENTIFIER = "com.demo.Assignment-Lab7-GPS";
				PRODUCT_NAME = "$(TARGET_NAME)";
				SWIFT_EMIT_LOC_STRINGS = YES;
				SWIFT_VERSION = 5.0;
				TARGETED_DEVICE_FAMILY = "1,2";
			};
			name = Debug;
		};
		D2F0A6E32BA767ED00DD7B0B /* Release */ = {
			isa = XCBuildConfiguration;
			buildSettings = {
				ASSETCATALOG_COMPILER_APPICON_NAME = AppIcon;
				ASSETCATALOG_COMPILER_GLOBAL_ACCENT_COLOR_NAME = AccentColor;
				CODE_SIGN_STYLE = Automatic;
				CURRENT_PROJECT_VERSION = 1;
				GENERATE_INFOPLIST_FILE = YES;
				INFOPLIST_FILE = Assignment_Lab7_GPS/Info.plist;
				INFOPLIST_KEY_UIApplicationSupportsIndirectInputEvents = YES;
				INFOPLIST_KEY_UILaunchStoryboardName = LaunchScreen;
				INFOPLIST_KEY_UIMainStoryboardFile = Main;
				INFOPLIST_KEY_UISupportedInterfaceOrientations_iPad = "UIInterfaceOrientationPortrait UIInterfaceOrientationPortraitUpsideDown UIInterfaceOrientationLandscapeLeft UIInterfaceOrientationLandscapeRight";
				INFOPLIST_KEY_UISupportedInterfaceOrientations_iPhone = "UIInterfaceOrientationPortrait UIInterfaceOrientationLandscapeLeft UIInterfaceOrientationLandscapeRight";
				LD_RUNPATH_SEARCH_PATHS = (
					"$(inherited)",
					"@executable_path/Frameworks",
				);
				MARKETING_VERSION = 1.0;
				PRODUCT_BUNDLE_IDENTIFIER = "com.demo.Assignment-Lab7-GPS";
				PRODUCT_NAME = "$(TARGET_NAME)";
				SWIFT_EMIT_LOC_STRINGS = YES;
				SWIFT_VERSION = 5.0;
				TARGETED_DEVICE_FAMILY = "1,2";
			};
			name = Release;
		};
		D2F0A6E52BA767ED00DD7B0B /* Debug */ = {
			isa = XCBuildConfiguration;
			buildSettings = {
				ALWAYS_EMBED_SWIFT_STANDARD_LIBRARIES = YES;
				BUNDLE_LOADER = "$(TEST_HOST)";
				CODE_SIGN_STYLE = Automatic;
				CURRENT_PROJECT_VERSION = 1;
				GENERATE_INFOPLIST_FILE = YES;
				IPHONEOS_DEPLOYMENT_TARGET = 16.2;
				MARKETING_VERSION = 1.0;
				PRODUCT_BUNDLE_IDENTIFIER = "com.demo.Assignment-Lab7-GPSTests";
				PRODUCT_NAME = "$(TARGET_NAME)";
				SWIFT_EMIT_LOC_STRINGS = NO;
				SWIFT_VERSION = 5.0;
				TARGETED_DEVICE_FAMILY = "1,2";
				TEST_HOST = "$(BUILT_PRODUCTS_DIR)/Assignment_Lab7_GPS.app/$(BUNDLE_EXECUTABLE_FOLDER_PATH)/Assignment_Lab7_GPS";
			};
			name = Debug;
		};
		D2F0A6E62BA767ED00DD7B0B /* Release */ = {
			isa = XCBuildConfiguration;
			buildSettings = {
				ALWAYS_EMBED_SWIFT_STANDARD_LIBRARIES = YES;
				BUNDLE_LOADER = "$(TEST_HOST)";
				CODE_SIGN_STYLE = Automatic;
				CURRENT_PROJECT_VERSION = 1;
				GENERATE_INFOPLIST_FILE = YES;
				IPHONEOS_DEPLOYMENT_TARGET = 16.2;
				MARKETING_VERSION = 1.0;
				PRODUCT_BUNDLE_IDENTIFIER = "com.demo.Assignment-Lab7-GPSTests";
				PRODUCT_NAME = "$(TARGET_NAME)";
				SWIFT_EMIT_LOC_STRINGS = NO;
				SWIFT_VERSION = 5.0;
				TARGETED_DEVICE_FAMILY = "1,2";
				TEST_HOST = "$(BUILT_PRODUCTS_DIR)/Assignment_Lab7_GPS.app/$(BUNDLE_EXECUTABLE_FOLDER_PATH)/Assignment_Lab7_GPS";
			};
			name = Release;
		};
		D2F0A6E82BA767ED00DD7B0B /* Debug */ = {
			isa = XCBuildConfiguration;
			buildSettings = {
				ALWAYS_EMBED_SWIFT_STANDARD_LIBRARIES = YES;
				CODE_SIGN_STYLE = Automatic;
				CURRENT_PROJECT_VERSION = 1;
				GENERATE_INFOPLIST_FILE = YES;
				MARKETING_VERSION = 1.0;
				PRODUCT_BUNDLE_IDENTIFIER = "com.demo.Assignment-Lab7-GPSUITests";
				PRODUCT_NAME = "$(TARGET_NAME)";
				SWIFT_EMIT_LOC_STRINGS = NO;
				SWIFT_VERSION = 5.0;
				TARGETED_DEVICE_FAMILY = "1,2";
				TEST_TARGET_NAME = Assignment_Lab7_GPS;
			};
			name = Debug;
		};
		D2F0A6E92BA767ED00DD7B0B /* Release */ = {
			isa = XCBuildConfiguration;
			buildSettings = {
				ALWAYS_EMBED_SWIFT_STANDARD_LIBRARIES = YES;
				CODE_SIGN_STYLE = Automatic;
				CURRENT_PROJECT_VERSION = 1;
				GENERATE_INFOPLIST_FILE = YES;
				MARKETING_VERSION = 1.0;
				PRODUCT_BUNDLE_IDENTIFIER = "com.demo.Assignment-Lab7-GPSUITests";
				PRODUCT_NAME = "$(TARGET_NAME)";
				SWIFT_EMIT_LOC_STRINGS = NO;
				SWIFT_VERSION = 5.0;
				TARGETED_DEVICE_FAMILY = "1,2";
				TEST_TARGET_NAME = Assignment_Lab7_GPS;
			};
			name = Release;
		};
/* End XCBuildConfiguration section */

/* Begin XCConfigurationList section */
		D2F0A6B22BA767EC00DD7B0B /* Build configuration list for PBXProject "Assignment_Lab7_GPS" */ = {
			isa = XCConfigurationList;
			buildConfigurations = (
				D2F0A6DF2BA767ED00DD7B0B /* Debug */,
				D2F0A6E02BA767ED00DD7B0B /* Release */,
			);
			defaultConfigurationIsVisible = 0;
			defaultConfigurationName = Release;
		};
		D2F0A6E12BA767ED00DD7B0B /* Build configuration list for PBXNativeTarget "Assignment_Lab7_GPS" */ = {
			isa = XCConfigurationList;
			buildConfigurations = (
				D2F0A6E22BA767ED00DD7B0B /* Debug */,
				D2F0A6E32BA767ED00DD7B0B /* Release */,
			);
			defaultConfigurationIsVisible = 0;
			defaultConfigurationName = Release;
		};
		D2F0A6E42BA767ED00DD7B0B /* Build configuration list for PBXNativeTarget "Assignment_Lab7_GPSTests" */ = {
			isa = XCConfigurationList;
			buildConfigurations = (
				D2F0A6E52BA767ED00DD7B0B /* Debug */,
				D2F0A6E62BA767ED00DD7B0B /* Release */,
			);
			defaultConfigurationIsVisible = 0;
			defaultConfigurationName = Release;
		};
		D2F0A6E72BA767ED00DD7B0B /* Build configuration list for PBXNativeTarget "Assignment_Lab7_GPSUITests" */ = {
			isa = XCConfigurationList;
			buildConfigurations = (
				D2F0A6E82BA767ED00DD7B0B /* Debug */,
				D2F0A6E92BA767ED00DD7B0B /* Release */,
			);
			defaultConfigurationIsVisible = 0;
			defaultConfigurationName = Release;
		};
/* End XCConfigurationList section */
	};
	rootObject = D2F0A6AF2BA767EC00DD7B0B /* Project object */;
}
